
Microsoft Visual Studio Solution File, Format Version 12.00
# Visual Studio Version 16
VisualStudioVersion = 16.0.29728.190
MinimumVisualStudioVersion = 10.0.40219.1
Project("{FAE04EC0-301F-11D3-BF4B-00C04F79EFBC}") = "VI_CLR", "VI_CLR\VI_CLR.csproj", "{547C8149-08B0-4616-BA08-71271DFB3A2F}"
EndProject
Global
	GlobalSection(SolutionConfigurationPlatforms) = preSolution
		Debug|Any CPU = Debug|Any CPU
		Release|Any CPU = Release|Any CPU
	EndGlobalSection
	GlobalSection(ProjectConfigurationPlatforms) = postSolution
		{547C8149-08B0-4616-BA08-71271DFB3A2F}.Debug|Any CPU.ActiveCfg = Debug|Any CPU
		{547C8149-08B0-4616-BA08-71271DFB3A2F}.Debug|Any CPU.Build.0 = Debug|Any CPU
		{547C8149-08B0-4616-BA08-71271DFB3A2F}.Release|Any CPU.ActiveCfg = Release|Any CPU
		{547C8149-08B0-4616-BA08-71271DFB3A2F}.Release|Any CPU.Build.0 = Release|Any CPU
	EndGlobalSection
	GlobalSection(SolutionProperties) = preSolution
		HideSolutionNode = FALSE
	EndGlobalSection
	GlobalSection(ExtensibilityGlobals) = postSolution
		SolutionGuid = {19E85CA9-EBF6-4630-AC1D-81E4B13D5DDB}
	EndGlobalSection
EndGlobal
